
Microsoft Visual Studio Solution File, Format Version 12.00
# Visual Studio 15
VisualStudioVersion = 15.0.27703.2000
MinimumVisualStudioVersion = 10.0.40219.1
Project("{FAE04EC0-301F-11D3-BF4B-00C04F79EFBC}") = "Neural Ant Colony Classification", "Neural Ant Colony Classification\Neural Ant Colony Classification.csproj", "{B5241BEE-0FF3-4CA6-874C-5B272677969F}"
EndProject
Project("{FAE04EC0-301F-11D3-BF4B-00C04F79EFBC}") = "SimpleNACC", "SimpleNACC\SimpleNACC.csproj", "{D9DA2EDE-A07A-40BA-A9C5-1F962E0614F2}"
EndProject
Global
	GlobalSection(SolutionConfigurationPlatforms) = preSolution
		Debug|Any CPU = Debug|Any CPU
		Release|Any CPU = Release|Any CPU
	EndGlobalSection
	GlobalSection(ProjectConfigurationPlatforms) = postSolution
		{B5241BEE-0FF3-4CA6-874C-5B272677969F}.Debug|Any CPU.ActiveCfg = Debug|Any CPU
		{B5241BEE-0FF3-4CA6-874C-5B272677969F}.Debug|Any CPU.Build.0 = Debug|Any CPU
		{B5241BEE-0FF3-4CA6-874C-5B272677969F}.Release|Any CPU.ActiveCfg = Release|Any CPU
		{B5241BEE-0FF3-4CA6-874C-5B272677969F}.Release|Any CPU.Build.0 = Release|Any CPU
		{D9DA2EDE-A07A-40BA-A9C5-1F962E0614F2}.Debug|Any CPU.ActiveCfg = Debug|Any CPU
		{D9DA2EDE-A07A-40BA-A9C5-1F962E0614F2}.Debug|Any CPU.Build.0 = Debug|Any CPU
		{D9DA2EDE-A07A-40BA-A9C5-1F962E0614F2}.Release|Any CPU.ActiveCfg = Release|Any CPU
		{D9DA2EDE-A07A-40BA-A9C5-1F962E0614F2}.Release|Any CPU.Build.0 = Release|Any CPU
	EndGlobalSection
	GlobalSection(SolutionProperties) = preSolution
		HideSolutionNode = FALSE
	EndGlobalSection
	GlobalSection(ExtensibilityGlobals) = postSolution
		SolutionGuid = {D0214C6C-F8B4-41A8-91BF-1EC8DD4A73AF}
	EndGlobalSection
EndGlobal
